// !$*UTF8*$!
{
	archiveVersion = 1;
	classes = {
	};
	objectVersion = 56;
	objects = {

/* Begin PBXContainerItemProxy section */
		100000000000000000000031 /* PBXContainerItemProxy */ = {
			isa = PBXContainerItemProxy;
			containerPortal = 100000000000000000000001 /* Project object */;
			proxyType = 1;
			remoteGlobalIDString = 100000000000000000000011;
			remoteInfo = SystemInteractionFoundation;
		};
/* End PBXContainerItemProxy section */

/* Begin PBXFileReference section */
		100000000000000000000021 /* SystemInteractionFoundation.app */ = {isa = PBXFileReference; explicitFileType = wrapper.application; includeInIndex = 0; path = SystemInteractionFoundation.app; sourceTree = BUILT_PRODUCTS_DIR; };
		100000000000000000000022 /* SystemInteractionFoundationTests.xctest */ = {isa = PBXFileReference; explicitFileType = wrapper.cfbundle; includeInIndex = 0; path = SystemInteractionFoundationTests.xctest; sourceTree = BUILT_PRODUCTS_DIR; };
		100000000000000000000023 /* SyntheticAXHost.app */ = {isa = PBXFileReference; explicitFileType = wrapper.application; includeInIndex = 0; path = SyntheticAXHost.app; sourceTree = BUILT_PRODUCTS_DIR; };
		100000000000000000000024 /* Shared.xcconfig */ = {isa = PBXFileReference; lastKnownFileType = text.xcconfig; path = Shared.xcconfig; sourceTree = "<group>"; };
/* End PBXFileReference section */

/* Begin PBXFrameworksBuildPhase section */
		100000000000000000000041 /* Frameworks */ = {isa = PBXFrameworksBuildPhase; buildActionMask = 2147483647; files = (); runOnlyForDeploymentPostprocessing = 0; };
		100000000000000000000042 /* Frameworks */ = {isa = PBXFrameworksBuildPhase; buildActionMask = 2147483647; files = (); runOnlyForDeploymentPostprocessing = 0; };
		100000000000000000000043 /* Frameworks */ = {isa = PBXFrameworksBuildPhase; buildActionMask = 2147483647; files = (); runOnlyForDeploymentPostprocessing = 0; };
/* End PBXFrameworksBuildPhase section */

/* Begin PBXGroup section */
		100000000000000000000002 = {
			isa = PBXGroup;
			children = (
				100000000000000000000004 /* Sources */,
				100000000000000000000005 /* Tests */,
				100000000000000000000006 /* Configurations */,
				100000000000000000000003 /* Products */,
			);
			sourceTree = "<group>";
		};
		100000000000000000000003 /* Products */ = {
			isa = PBXGroup;
			children = (
				100000000000000000000021 /* SystemInteractionFoundation.app */,
				100000000000000000000022 /* SystemInteractionFoundationTests.xctest */,
				100000000000000000000023 /* SyntheticAXHost.app */,
			);
			name = Products;
			sourceTree = "<group>";
		};
		100000000000000000000004 /* Sources */ = {isa = PBXGroup; children = (); path = Sources; sourceTree = "<group>"; };
		100000000000000000000005 /* Tests */ = {isa = PBXGroup; children = (); path = Tests; sourceTree = "<group>"; };
		100000000000000000000006 /* Configurations */ = {
			isa = PBXGroup;
			children = (100000000000000000000024 /* Shared.xcconfig */,);
			path = Configurations;
			sourceTree = "<group>";
		};
/* End PBXGroup section */

/* Begin PBXNativeTarget section */
		100000000000000000000011 /* SystemInteractionFoundation */ = {
			isa = PBXNativeTarget;
			buildConfigurationList = 100000000000000000000071 /* Build configuration list for PBXNativeTarget "SystemInteractionFoundation" */;
			buildPhases = (100000000000000000000051 /* Sources */, 100000000000000000000041 /* Frameworks */, 100000000000000000000061 /* Resources */);
			buildRules = ();
			dependencies = ();
			name = SystemInteractionFoundation;
			productName = SystemInteractionFoundation;
			productReference = 100000000000000000000021 /* SystemInteractionFoundation.app */;
			productType = "com.apple.product-type.application";
		};
		100000000000000000000012 /* SystemInteractionFoundationTests */ = {
			isa = PBXNativeTarget;
			buildConfigurationList = 100000000000000000000072 /* Build configuration list for PBXNativeTarget "SystemInteractionFoundationTests" */;
			buildPhases = (100000000000000000000052 /* Sources */, 100000000000000000000042 /* Frameworks */, 100000000000000000000062 /* Resources */);
			buildRules = ();
			dependencies = (100000000000000000000032 /* PBXTargetDependency */,);
			name = SystemInteractionFoundationTests;
			productName = SystemInteractionFoundationTests;
			productReference = 100000000000000000000022 /* SystemInteractionFoundationTests.xctest */;
			productType = "com.apple.product-type.bundle.unit-test";
		};
		100000000000000000000013 /* SyntheticAXHost */ = {
			isa = PBXNativeTarget;
			buildConfigurationList = 100000000000000000000073 /* Build configuration list for PBXNativeTarget "SyntheticAXHost" */;
			buildPhases = (100000000000000000000053 /* Sources */, 100000000000000000000043 /* Frameworks */, 100000000000000000000063 /* Resources */);
			buildRules = ();
			dependencies = ();
			name = SyntheticAXHost;
			productName = SyntheticAXHost;
			productReference = 100000000000000000000023 /* SyntheticAXHost.app */;
			productType = "com.apple.product-type.application";
		};
/* End PBXNativeTarget section */

/* Begin PBXProject section */
		100000000000000000000001 /* Project object */ = {
			isa = PBXProject;
			attributes = {
				BuildIndependentTargetsInParallel = 1;
				LastSwiftUpdateCheck = 2660;
				LastUpgradeCheck = 2660;
				TargetAttributes = {
					100000000000000000000011 = {CreatedOnToolsVersion = 26.6; };
					100000000000000000000012 = {CreatedOnToolsVersion = 26.6; TestTargetID = 100000000000000000000011; };
					100000000000000000000013 = {CreatedOnToolsVersion = 26.6; };
				};
			};
			buildConfigurationList = 100000000000000000000070 /* Build configuration list for PBXProject "SystemInteractionFoundation" */;
			compatibilityVersion = "Xcode 14.0";
			developmentRegion = en;
			hasScannedForEncodings = 0;
			knownRegions = (en, Base,);
			mainGroup = 100000000000000000000002;
			productRefGroup = 100000000000000000000003 /* Products */;
			projectDirPath = "";
			projectRoot = "";
			targets = (
				100000000000000000000011 /* SystemInteractionFoundation */,
				100000000000000000000012 /* SystemInteractionFoundationTests */,
				100000000000000000000013 /* SyntheticAXHost */,
			);
		};
/* End PBXProject section */

/* Begin PBXResourcesBuildPhase section */
		100000000000000000000061 /* Resources */ = {isa = PBXResourcesBuildPhase; buildActionMask = 2147483647; files = (); runOnlyForDeploymentPostprocessing = 0; };
		100000000000000000000062 /* Resources */ = {isa = PBXResourcesBuildPhase; buildActionMask = 2147483647; files = (); runOnlyForDeploymentPostprocessing = 0; };
		100000000000000000000063 /* Resources */ = {isa = PBXResourcesBuildPhase; buildActionMask = 2147483647; files = (); runOnlyForDeploymentPostprocessing = 0; };
/* End PBXResourcesBuildPhase section */

/* Begin PBXSourcesBuildPhase section */
		100000000000000000000051 /* Sources */ = {isa = PBXSourcesBuildPhase; buildActionMask = 2147483647; files = (); runOnlyForDeploymentPostprocessing = 0; };
		100000000000000000000052 /* Sources */ = {isa = PBXSourcesBuildPhase; buildActionMask = 2147483647; files = (); runOnlyForDeploymentPostprocessing = 0; };
		100000000000000000000053 /* Sources */ = {isa = PBXSourcesBuildPhase; buildActionMask = 2147483647; files = (); runOnlyForDeploymentPostprocessing = 0; };
/* End PBXSourcesBuildPhase section */

/* Begin PBXTargetDependency section */
		100000000000000000000032 /* PBXTargetDependency */ = {isa = PBXTargetDependency; target = 100000000000000000000011 /* SystemInteractionFoundation */; targetProxy = 100000000000000000000031 /* PBXContainerItemProxy */; };
/* End PBXTargetDependency section */

/* Begin XCBuildConfiguration section */
		100000000000000000000081 /* Debug */ = {isa = XCBuildConfiguration; baseConfigurationReference = 100000000000000000000024 /* Shared.xcconfig */; buildSettings = {DEBUG_INFORMATION_FORMAT = dwarf;}; name = Debug; };
		100000000000000000000082 /* Release */ = {isa = XCBuildConfiguration; baseConfigurationReference = 100000000000000000000024 /* Shared.xcconfig */; buildSettings = {DEBUG_INFORMATION_FORMAT = "dwarf-with-dsym";}; name = Release; };
		100000000000000000000083 /* Debug */ = {isa = XCBuildConfiguration; baseConfigurationReference = 100000000000000000000024 /* Shared.xcconfig */; buildSettings = {PRODUCT_BUNDLE_IDENTIFIER = dev.prompt.systeminteractionfoundation;}; name = Debug; };
		100000000000000000000084 /* Release */ = {isa = XCBuildConfiguration; baseConfigurationReference = 100000000000000000000024 /* Shared.xcconfig */; buildSettings = {PRODUCT_BUNDLE_IDENTIFIER = dev.prompt.systeminteractionfoundation;}; name = Release; };
		100000000000000000000085 /* Debug */ = {isa = XCBuildConfiguration; baseConfigurationReference = 100000000000000000000024 /* Shared.xcconfig */; buildSettings = {BUNDLE_LOADER = "$(TEST_HOST)"; PRODUCT_BUNDLE_IDENTIFIER = dev.prompt.systeminteractionfoundation.tests; TEST_HOST = "$(BUILT_PRODUCTS_DIR)/SystemInteractionFoundation.app/Contents/MacOS/SystemInteractionFoundation";}; name = Debug; };
		100000000000000000000086 /* Release */ = {isa = XCBuildConfiguration; baseConfigurationReference = 100000000000000000000024 /* Shared.xcconfig */; buildSettings = {BUNDLE_LOADER = "$(TEST_HOST)"; PRODUCT_BUNDLE_IDENTIFIER = dev.prompt.systeminteractionfoundation.tests; TEST_HOST = "$(BUILT_PRODUCTS_DIR)/SystemInteractionFoundation.app/Contents/MacOS/SystemInteractionFoundation";}; name = Release; };
		100000000000000000000087 /* Debug */ = {isa = XCBuildConfiguration; baseConfigurationReference = 100000000000000000000024 /* Shared.xcconfig */; buildSettings = {PRODUCT_BUNDLE_IDENTIFIER = dev.prompt.syntheticaxhost;}; name = Debug; };
		100000000000000000000088 /* Release */ = {isa = XCBuildConfiguration; baseConfigurationReference = 100000000000000000000024 /* Shared.xcconfig */; buildSettings = {PRODUCT_BUNDLE_IDENTIFIER = dev.prompt.syntheticaxhost;}; name = Release; };
/* End XCBuildConfiguration section */

/* Begin XCConfigurationList section */
		100000000000000000000070 /* Build configuration list for PBXProject "SystemInteractionFoundation" */ = {isa = XCConfigurationList; buildConfigurations = (100000000000000000000081 /* Debug */, 100000000000000000000082 /* Release */,); defaultConfigurationIsVisible = 0; defaultConfigurationName = Release; };
		100000000000000000000071 /* Build configuration list for PBXNativeTarget "SystemInteractionFoundation" */ = {isa = XCConfigurationList; buildConfigurations = (100000000000000000000083 /* Debug */, 100000000000000000000084 /* Release */,); defaultConfigurationIsVisible = 0; defaultConfigurationName = Release; };
		100000000000000000000072 /* Build configuration list for PBXNativeTarget "SystemInteractionFoundationTests" */ = {isa = XCConfigurationList; buildConfigurations = (100000000000000000000085 /* Debug */, 100000000000000000000086 /* Release */,); defaultConfigurationIsVisible = 0; defaultConfigurationName = Release; };
		100000000000000000000073 /* Build configuration list for PBXNativeTarget "SyntheticAXHost" */ = {isa = XCConfigurationList; buildConfigurations = (100000000000000000000087 /* Debug */, 100000000000000000000088 /* Release */,); defaultConfigurationIsVisible = 0; defaultConfigurationName = Release; };
/* End XCConfigurationList section */
	};
	rootObject = 100000000000000000000001 /* Project object */;
}
